
Microsoft Visual Studio Solution File, Format Version 12.00
# Visual Studio Version 17
VisualStudioVersion = 17.8.34525.116
MinimumVisualStudioVersion = 10.0.40219.1
Project("{9A19103F-16F7-4668-BE54-9A1E7A4F7556}") = "TileServerApi", "TestTileServer\TileServerApi\TileServerApi.csproj", "{CBC48C38-C620-4D55-B60B-3E10A09988D6}"
EndProject
Project("{9A19103F-16F7-4668-BE54-9A1E7A4F7556}") = "Gdd.HttpApi", "GeoDownloadDefence\Gdd.HttpApi\Gdd.HttpApi.csproj", "{52222E85-A5CC-443C-97A2-26CF3D92A0EB}"
EndProject
Project("{9A19103F-16F7-4668-BE54-9A1E7A4F7556}") = "Gdd.Domain", "GeoDownloadDefence\Gdd.Domain\Gdd.Domain.csproj", "{255FD6E7-0235-41FD-8AA6-8CB8473D9A46}"
EndProject
Project("{E53339B2-1760-4266-BCC7-CA923CBCF16C}") = "docker-compose", "docker-compose.dcproj", "{C34C33CD-EEFE-4DCA-AEF5-2B96538DB82D}"
EndProject
Project("{9A19103F-16F7-4668-BE54-9A1E7A4F7556}") = "Gdd.Application.Contracts", "GeoDownloadDefence\Gdd.Application.Contracts\Gdd.Application.Contracts.csproj", "{7B038C57-5C8A-4615-BF3E-591A5ECE103F}"
EndProject
Project("{9A19103F-16F7-4668-BE54-9A1E7A4F7556}") = "Gdd.Application", "GeoDownloadDefence\Gdd.Application\Gdd.Application.csproj", "{BA7AADF2-FD87-4F0A-94F0-90CE07FB2698}"
EndProject
Project("{9A19103F-16F7-4668-BE54-9A1E7A4F7556}") = "Gdd.Repository", "GeoDownloadDefence\Gdd.Repository\Gdd.Repository.csproj", "{8AA2E57A-203B-41FA-A6BE-91C9B7699D5C}"
EndProject
Project("{9A19103F-16F7-4668-BE54-9A1E7A4F7556}") = "Gdd.Domain.Shared", "GeoDownloadDefence\Gdd.Domain.Shared\Gdd.Domain.Shared.csproj", "{11659FCB-3278-4650-B444-8AA38765FBA8}"
EndProject
Project("{2150E333-8FDC-42A3-9474-1A3956D46DE8}") = "GeoDownloadDefence", "GeoDownloadDefence", "{1311AEB2-1109-8FEF-6E4A-19CE26A1BE2B}"
EndProject
Project("{FAE04EC0-301F-11D3-BF4B-00C04F79EFBC}") = "Gdd.Tests", "GeoDownloadDefence\Gdd.Tests\Gdd.Tests.csproj", "{67B6E5F6-2D03-4006-B36B-6D87992852DA}"
EndProject
Global
	GlobalSection(SolutionConfigurationPlatforms) = preSolution
		Debug|Any CPU = Debug|Any CPU
		Debug|x64 = Debug|x64
		Debug|x86 = Debug|x86
		Release|Any CPU = Release|Any CPU
		Release|x64 = Release|x64
		Release|x86 = Release|x86
	EndGlobalSection
	GlobalSection(ProjectConfigurationPlatforms) = postSolution
		{CBC48C38-C620-4D55-B60B-3E10A09988D6}.Debug|Any CPU.ActiveCfg = Debug|Any CPU
		{CBC48C38-C620-4D55-B60B-3E10A09988D6}.Debug|Any CPU.Build.0 = Debug|Any CPU
		{CBC48C38-C620-4D55-B60B-3E10A09988D6}.Debug|x64.ActiveCfg = Debug|Any CPU
		{CBC48C38-C620-4D55-B60B-3E10A09988D6}.Debug|x64.Build.0 = Debug|Any CPU
		{CBC48C38-C620-4D55-B60B-3E10A09988D6}.Debug|x86.ActiveCfg = Debug|Any CPU
		{CBC48C38-C620-4D55-B60B-3E10A09988D6}.Debug|x86.Build.0 = Debug|Any CPU
		{CBC48C38-C620-4D55-B60B-3E10A09988D6}.Release|Any CPU.ActiveCfg = Release|Any CPU
		{CBC48C38-C620-4D55-B60B-3E10A09988D6}.Release|Any CPU.Build.0 = Release|Any CPU
		{CBC48C38-C620-4D55-B60B-3E10A09988D6}.Release|x64.ActiveCfg = Release|Any CPU
		{CBC48C38-C620-4D55-B60B-3E10A09988D6}.Release|x64.Build.0 = Release|Any CPU
		{CBC48C38-C620-4D55-B60B-3E10A09988D6}.Release|x86.ActiveCfg = Release|Any CPU
		{CBC48C38-C620-4D55-B60B-3E10A09988D6}.Release|x86.Build.0 = Release|Any CPU
		{52222E85-A5CC-443C-97A2-26CF3D92A0EB}.Debug|Any CPU.ActiveCfg = Debug|Any CPU
		{52222E85-A5CC-443C-97A2-26CF3D92A0EB}.Debug|Any CPU.Build.0 = Debug|Any CPU
		{52222E85-A5CC-443C-97A2-26CF3D92A0EB}.Debug|x64.ActiveCfg = Debug|Any CPU
		{52222E85-A5CC-443C-97A2-26CF3D92A0EB}.Debug|x64.Build.0 = Debug|Any CPU
		{52222E85-A5CC-443C-97A2-26CF3D92A0EB}.Debug|x86.ActiveCfg = Debug|Any CPU
		{52222E85-A5CC-443C-97A2-26CF3D92A0EB}.Debug|x86.Build.0 = Debug|Any CPU
		{52222E85-A5CC-443C-97A2-26CF3D92A0EB}.Release|Any CPU.ActiveCfg = Release|Any CPU
		{52222E85-A5CC-443C-97A2-26CF3D92A0EB}.Release|Any CPU.Build.0 = Release|Any CPU
		{52222E85-A5CC-443C-97A2-26CF3D92A0EB}.Release|x64.ActiveCfg = Release|Any CPU
		{52222E85-A5CC-443C-97A2-26CF3D92A0EB}.Release|x64.Build.0 = Release|Any CPU
		{52222E85-A5CC-443C-97A2-26CF3D92A0EB}.Release|x86.ActiveCfg = Release|Any CPU
		{52222E85-A5CC-443C-97A2-26CF3D92A0EB}.Release|x86.Build.0 = Release|Any CPU
		{255FD6E7-0235-41FD-8AA6-8CB8473D9A46}.Debug|Any CPU.ActiveCfg = Debug|Any CPU
		{255FD6E7-0235-41FD-8AA6-8CB8473D9A46}.Debug|Any CPU.Build.0 = Debug|Any CPU
		{255FD6E7-0235-41FD-8AA6-8CB8473D9A46}.Debug|x64.ActiveCfg = Debug|Any CPU
		{255FD6E7-0235-41FD-8AA6-8CB8473D9A46}.Debug|x64.Build.0 = Debug|Any CPU
		{255FD6E7-0235-41FD-8AA6-8CB8473D9A46}.Debug|x86.ActiveCfg = Debug|Any CPU
		{255FD6E7-0235-41FD-8AA6-8CB8473D9A46}.Debug|x86.Build.0 = Debug|Any CPU
		{255FD6E7-0235-41FD-8AA6-8CB8473D9A46}.Release|Any CPU.ActiveCfg = Release|Any CPU
		{255FD6E7-0235-41FD-8AA6-8CB8473D9A46}.Release|Any CPU.Build.0 = Release|Any CPU
		{255FD6E7-0235-41FD-8AA6-8CB8473D9A46}.Release|x64.ActiveCfg = Release|Any CPU
		{255FD6E7-0235-41FD-8AA6-8CB8473D9A46}.Release|x64.Build.0 = Release|Any CPU
		{255FD6E7-0235-41FD-8AA6-8CB8473D9A46}.Release|x86.ActiveCfg = Release|Any CPU
		{255FD6E7-0235-41FD-8AA6-8CB8473D9A46}.Release|x86.Build.0 = Release|Any CPU
		{C34C33CD-EEFE-4DCA-AEF5-2B96538DB82D}.Debug|Any CPU.ActiveCfg = Debug|Any CPU
		{C34C33CD-EEFE-4DCA-AEF5-2B96538DB82D}.Debug|Any CPU.Build.0 = Debug|Any CPU
		{C34C33CD-EEFE-4DCA-AEF5-2B96538DB82D}.Debug|x64.ActiveCfg = Debug|x64
		{C34C33CD-EEFE-4DCA-AEF5-2B96538DB82D}.Debug|x86.ActiveCfg = Debug|x86
		{C34C33CD-EEFE-4DCA-AEF5-2B96538DB82D}.Release|Any CPU.ActiveCfg = Release|Any CPU
		{C34C33CD-EEFE-4DCA-AEF5-2B96538DB82D}.Release|Any CPU.Build.0 = Release|Any CPU
		{C34C33CD-EEFE-4DCA-AEF5-2B96538DB82D}.Release|x64.ActiveCfg = Release|x64
		{C34C33CD-EEFE-4DCA-AEF5-2B96538DB82D}.Release|x86.ActiveCfg = Release|x86
		{7B038C57-5C8A-4615-BF3E-591A5ECE103F}.Debug|Any CPU.ActiveCfg = Debug|Any CPU
		{7B038C57-5C8A-4615-BF3E-591A5ECE103F}.Debug|Any CPU.Build.0 = Debug|Any CPU
		{7B038C57-5C8A-4615-BF3E-591A5ECE103F}.Debug|x64.ActiveCfg = Debug|Any CPU
		{7B038C57-5C8A-4615-BF3E-591A5ECE103F}.Debug|x64.Build.0 = Debug|Any CPU
		{7B038C57-5C8A-4615-BF3E-591A5ECE103F}.Debug|x86.ActiveCfg = Debug|Any CPU
		{7B038C57-5C8A-4615-BF3E-591A5ECE103F}.Debug|x86.Build.0 = Debug|Any CPU
		{7B038C57-5C8A-4615-BF3E-591A5ECE103F}.Release|Any CPU.ActiveCfg = Release|Any CPU
		{7B038C57-5C8A-4615-BF3E-591A5ECE103F}.Release|Any CPU.Build.0 = Release|Any CPU
		{7B038C57-5C8A-4615-BF3E-591A5ECE103F}.Release|x64.ActiveCfg = Release|Any CPU
		{7B038C57-5C8A-4615-BF3E-591A5ECE103F}.Release|x64.Build.0 = Release|Any CPU
		{7B038C57-5C8A-4615-BF3E-591A5ECE103F}.Release|x86.ActiveCfg = Release|Any CPU
		{7B038C57-5C8A-4615-BF3E-591A5ECE103F}.Release|x86.Build.0 = Release|Any CPU
		{BA7AADF2-FD87-4F0A-94F0-90CE07FB2698}.Debug|Any CPU.ActiveCfg = Debug|Any CPU
		{BA7AADF2-FD87-4F0A-94F0-90CE07FB2698}.Debug|Any CPU.Build.0 = Debug|Any CPU
		{BA7AADF2-FD87-4F0A-94F0-90CE07FB2698}.Debug|x64.ActiveCfg = Debug|Any CPU
		{BA7AADF2-FD87-4F0A-94F0-90CE07FB2698}.Debug|x64.Build.0 = Debug|Any CPU
		{BA7AADF2-FD87-4F0A-94F0-90CE07FB2698}.Debug|x86.ActiveCfg = Debug|Any CPU
		{BA7AADF2-FD87-4F0A-94F0-90CE07FB2698}.Debug|x86.Build.0 = Debug|Any CPU
		{BA7AADF2-FD87-4F0A-94F0-90CE07FB2698}.Release|Any CPU.ActiveCfg = Release|Any CPU
		{BA7AADF2-FD87-4F0A-94F0-90CE07FB2698}.Release|Any CPU.Build.0 = Release|Any CPU
		{BA7AADF2-FD87-4F0A-94F0-90CE07FB2698}.Release|x64.ActiveCfg = Release|Any CPU
		{BA7AADF2-FD87-4F0A-94F0-90CE07FB2698}.Release|x64.Build.0 = Release|Any CPU
		{BA7AADF2-FD87-4F0A-94F0-90CE07FB2698}.Release|x86.ActiveCfg = Release|Any CPU
		{BA7AADF2-FD87-4F0A-94F0-90CE07FB2698}.Release|x86.Build.0 = Release|Any CPU
		{8AA2E57A-203B-41FA-A6BE-91C9B7699D5C}.Debug|Any CPU.ActiveCfg = Debug|Any CPU
		{8AA2E57A-203B-41FA-A6BE-91C9B7699D5C}.Debug|Any CPU.Build.0 = Debug|Any CPU
		{8AA2E57A-203B-41FA-A6BE-91C9B7699D5C}.Debug|x64.ActiveCfg = Debug|Any CPU
		{8AA2E57A-203B-41FA-A6BE-91C9B7699D5C}.Debug|x64.Build.0 = Debug|Any CPU
		{8AA2E57A-203B-41FA-A6BE-91C9B7699D5C}.Debug|x86.ActiveCfg = Debug|Any CPU
		{8AA2E57A-203B-41FA-A6BE-91C9B7699D5C}.Debug|x86.Build.0 = Debug|Any CPU
		{8AA2E57A-203B-41FA-A6BE-91C9B7699D5C}.Release|Any CPU.ActiveCfg = Release|Any CPU
		{8AA2E57A-203B-41FA-A6BE-91C9B7699D5C}.Release|Any CPU.Build.0 = Release|Any CPU
		{8AA2E57A-203B-41FA-A6BE-91C9B7699D5C}.Release|x64.ActiveCfg = Release|Any CPU
		{8AA2E57A-203B-41FA-A6BE-91C9B7699D5C}.Release|x64.Build.0 = Release|Any CPU
		{8AA2E57A-203B-41FA-A6BE-91C9B7699D5C}.Release|x86.ActiveCfg = Release|Any CPU
		{8AA2E57A-203B-41FA-A6BE-91C9B7699D5C}.Release|x86.Build.0 = Release|Any CPU
		{11659FCB-3278-4650-B444-8AA38765FBA8}.Debug|Any CPU.ActiveCfg = Debug|Any CPU
		{11659FCB-3278-4650-B444-8AA38765FBA8}.Debug|Any CPU.Build.0 = Debug|Any CPU
		{11659FCB-3278-4650-B444-8AA38765FBA8}.Debug|x64.ActiveCfg = Debug|Any CPU
		{11659FCB-3278-4650-B444-8AA38765FBA8}.Debug|x64.Build.0 = Debug|Any CPU
		{11659FCB-3278-4650-B444-8AA38765FBA8}.Debug|x86.ActiveCfg = Debug|Any CPU
		{11659FCB-3278-4650-B444-8AA38765FBA8}.Debug|x86.Build.0 = Debug|Any CPU
		{11659FCB-3278-4650-B444-8AA38765FBA8}.Release|Any CPU.ActiveCfg = Release|Any CPU
		{11659FCB-3278-4650-B444-8AA38765FBA8}.Release|Any CPU.Build.0 = Release|Any CPU
		{11659FCB-3278-4650-B444-8AA38765FBA8}.Release|x64.ActiveCfg = Release|Any CPU
		{11659FCB-3278-4650-B444-8AA38765FBA8}.Release|x64.Build.0 = Release|Any CPU
		{11659FCB-3278-4650-B444-8AA38765FBA8}.Release|x86.ActiveCfg = Release|Any CPU
		{11659FCB-3278-4650-B444-8AA38765FBA8}.Release|x86.Build.0 = Release|Any CPU
		{67B6E5F6-2D03-4006-B36B-6D87992852DA}.Debug|Any CPU.ActiveCfg = Debug|Any CPU
		{67B6E5F6-2D03-4006-B36B-6D87992852DA}.Debug|Any CPU.Build.0 = Debug|Any CPU
		{67B6E5F6-2D03-4006-B36B-6D87992852DA}.Debug|x64.ActiveCfg = Debug|Any CPU
		{67B6E5F6-2D03-4006-B36B-6D87992852DA}.Debug|x64.Build.0 = Debug|Any CPU
		{67B6E5F6-2D03-4006-B36B-6D87992852DA}.Debug|x86.ActiveCfg = Debug|Any CPU
		{67B6E5F6-2D03-4006-B36B-6D87992852DA}.Debug|x86.Build.0 = Debug|Any CPU
		{67B6E5F6-2D03-4006-B36B-6D87992852DA}.Release|Any CPU.ActiveCfg = Release|Any CPU
		{67B6E5F6-2D03-4006-B36B-6D87992852DA}.Release|Any CPU.Build.0 = Release|Any CPU
		{67B6E5F6-2D03-4006-B36B-6D87992852DA}.Release|x64.ActiveCfg = Release|Any CPU
		{67B6E5F6-2D03-4006-B36B-6D87992852DA}.Release|x64.Build.0 = Release|Any CPU
		{67B6E5F6-2D03-4006-B36B-6D87992852DA}.Release|x86.ActiveCfg = Release|Any CPU
		{67B6E5F6-2D03-4006-B36B-6D87992852DA}.Release|x86.Build.0 = Release|Any CPU
	EndGlobalSection
	GlobalSection(SolutionProperties) = preSolution
		HideSolutionNode = FALSE
	EndGlobalSection
	GlobalSection(NestedProjects) = preSolution
		{67B6E5F6-2D03-4006-B36B-6D87992852DA} = {1311AEB2-1109-8FEF-6E4A-19CE26A1BE2B}
	EndGlobalSection
	GlobalSection(ExtensibilityGlobals) = postSolution
		SolutionGuid = {D5398125-1081-4943-8822-C32B2DA16535}
	EndGlobalSection
EndGlobal
